
Microsoft Visual Studio Solution File, Format Version 12.00
# Visual Studio 15
VisualStudioVersion = 15.0.27428.2043
MinimumVisualStudioVersion = 10.0.40219.1
Project("{FAE04EC0-301F-11D3-BF4B-00C04F79EFBC}") = "DataProvider", "DataProvider\DataProvider.csproj", "{A8B49B58-E894-4CDD-B6B0-400A74848133}"
EndProject
Project("{FAE04EC0-301F-11D3-BF4B-00C04F79EFBC}") = "DataProvider.Test", "DataProvider.Test\DataProvider.Test.csproj", "{596406F1-44AD-4457-A754-3013D726E1D1}"
EndProject
Global
	GlobalSection(SolutionConfigurationPlatforms) = preSolution
		Debug|Any CPU = Debug|Any CPU
		Release|Any CPU = Release|Any CPU
	EndGlobalSection
	GlobalSection(ProjectConfigurationPlatforms) = postSolution
		{A8B49B58-E894-4CDD-B6B0-400A74848133}.Debug|Any CPU.ActiveCfg = Debug|Any CPU
		{A8B49B58-E894-4CDD-B6B0-400A74848133}.Debug|Any CPU.Build.0 = Debug|Any CPU
		{A8B49B58-E894-4CDD-B6B0-400A74848133}.Release|Any CPU.ActiveCfg = Release|Any CPU
		{A8B49B58-E894-4CDD-B6B0-400A74848133}.Release|Any CPU.Build.0 = Release|Any CPU
		{596406F1-44AD-4457-A754-3013D726E1D1}.Debug|Any CPU.ActiveCfg = Debug|Any CPU
		{596406F1-44AD-4457-A754-3013D726E1D1}.Debug|Any CPU.Build.0 = Debug|Any CPU
		{596406F1-44AD-4457-A754-3013D726E1D1}.Release|Any CPU.ActiveCfg = Release|Any CPU
		{596406F1-44AD-4457-A754-3013D726E1D1}.Release|Any CPU.Build.0 = Release|Any CPU
	EndGlobalSection
	GlobalSection(SolutionProperties) = preSolution
		HideSolutionNode = FALSE
	EndGlobalSection
	GlobalSection(ExtensibilityGlobals) = postSolution
		SolutionGuid = {A802D410-4837-4787-B0C1-D4790C76792D}
	EndGlobalSection
EndGlobal
